<?xml version="1.0" encoding="utf-8"?>
<Project ToolsVersion="4.0" xmlns="http://schemas.microsoft.com/developer/msbuild/2003">
  <ItemGroup>
    <Filter Include="Content">
      <UniqueIdentifier>{5e9d9e03-98ee-4f42-9b72-18ad7b49079a}</UniqueIdentifier>
    </Filter>
    <Filter Include="Content\Fonts">
      <UniqueIdentifier>{47931696-f5bf-47c3-b68e-05995a0983de}</UniqueIdentifier>
    </Filter>
    <Filter Include="Behaviors">
      <UniqueIdentifier>{c6ce2cbd-acb9-43af-87b5-96f2cf82729a}</UniqueIdentifier>
    </Filter>
  </ItemGroup>
  <ItemGroup>
    <ClCompile Include="Program.cpp" />
    <ClCompile Include="pch.cpp" />
    <ClCompile Include="Box2DBehavior.cpp">
      <Filter>Behaviors</Filter>
    </ClCompile>
    <ClCompile Include="Reflection2D.cpp" />
    <ClCompile Include="ReflectionDemo.cpp" />
    <ClCompile Include="Bouncy.cpp">
      <Filter>Behaviors</Filter>
    </ClCompile>
    <ClCompile Include="Paddle.cpp" />
    <ClCompile Include="Breakable.cpp">
      <Filter>Behaviors</Filter>
    </ClCompile>
  </ItemGroup>
  <ItemGroup>
    <ClInclude Include="pch.h" />
    <ClInclude Include="Box2DBehavior.h">
      <Filter>Behaviors</Filter>
    </ClInclude>
    <ClInclude Include="Reflection2D.h" />
    <ClInclude Include="ReflectionDemo.h" />
    <ClInclude Include="Bouncy.h">
      <Filter>Behaviors</Filter>
    </ClInclude>
    <ClInclude Include="Paddle.h" />
    <ClInclude Include="Breakable.h">
      <Filter>Behaviors</Filter>
    </ClInclude>
  </ItemGroup>
  <ItemGroup>
    <None Include="packages.config" />
    <None Include="Content\Fonts\Arial_14_Regular.spritefont">
      <Filter>Content\Fonts</Filter>
    </None>
  </ItemGroup>
</Project>