<?xml version="1.0" encoding="utf-8"?>
<Project ToolsVersion="4.0" xmlns="http://schemas.microsoft.com/developer/msbuild/2003">
  <ItemGroup>
    <Filter Include="Content">
      <UniqueIdentifier>{5e9d9e03-98ee-4f42-9b72-18ad7b49079a}</UniqueIdentifier>
    </Filter>
    <Filter Include="Content\Fonts">
      <UniqueIdentifier>{47931696-f5bf-47c3-b68e-05995a0983de}</UniqueIdentifier>
    </Filter>
    <Filter Include="GameComponents">
      <UniqueIdentifier>{c6ce2cbd-acb9-43af-87b5-96f2cf82729a}</UniqueIdentifier>
    </Filter>
    <Filter Include="Helper">
      <UniqueIdentifier>{783934f4-dcaa-48fa-8436-5c53abd4d4a6}</UniqueIdentifier>
    </Filter>
    <Filter Include="MyFramework">
      <UniqueIdentifier>{bf19b907-8c95-4109-bd85-1129c1f1e6df}</UniqueIdentifier>
    </Filter>
  </ItemGroup>
  <ItemGroup>
    <ClCompile Include="Program.cpp" />
    <ClCompile Include="pch.cpp" />
    <ClCompile Include="AngryBox2D.cpp" />
    <ClCompile Include="JsonLoader.cpp">
      <Filter>Helper</Filter>
    </ClCompile>
    <ClCompile Include="BreakableBox.cpp">
      <Filter>GameComponents</Filter>
    </ClCompile>
    <ClCompile Include="Box2DBehavior.cpp">
      <Filter>MyFramework</Filter>
    </ClCompile>
    <ClCompile Include="AngryBoxDemo.cpp" />
  </ItemGroup>
  <ItemGroup>
    <ClInclude Include="pch.h" />
    <ClInclude Include="AngryBox2D.h" />
    <ClInclude Include="JsonLoader.h">
      <Filter>Helper</Filter>
    </ClInclude>
    <ClInclude Include="BreakableBox.h">
      <Filter>GameComponents</Filter>
    </ClInclude>
    <ClInclude Include="Box2DBehavior.h">
      <Filter>MyFramework</Filter>
    </ClInclude>
    <ClInclude Include="AngryBoxDemo.h" />
  </ItemGroup>
  <ItemGroup>
    <None Include="packages.config" />
    <None Include="Content\Fonts\Arial_14_Regular.spritefont">
      <Filter>Content\Fonts</Filter>
    </None>
  </ItemGroup>
</Project>