<?xml version="1.0" encoding="utf-8"?>
<Project ToolsVersion="4.0" xmlns="http://schemas.microsoft.com/developer/msbuild/2003">
  <ItemGroup>
    <Filter Include="Cameras">
      <UniqueIdentifier>{d8c82c75-571d-4ef1-a3e5-173a8698230a}</UniqueIdentifier>
    </Filter>
    <Filter Include="Input">
      <UniqueIdentifier>{bd8395ed-9aea-4ade-bd72-c37ae3d7673d}</UniqueIdentifier>
    </Filter>
    <Filter Include="Lights">
      <UniqueIdentifier>{bec473ad-ca41-4754-a284-81f32a90099f}</UniqueIdentifier>
    </Filter>
    <Filter Include="Misc">
      <UniqueIdentifier>{c97b7661-1030-4734-84eb-f82234144c99}</UniqueIdentifier>
    </Filter>
    <Filter Include="Models">
      <UniqueIdentifier>{7dc6c8e9-0f15-4766-8382-f707f53570aa}</UniqueIdentifier>
    </Filter>
    <Filter Include="Audio">
      <UniqueIdentifier>{cbc4e9f9-d00d-4ce3-ba42-353ffe3f2b65}</UniqueIdentifier>
    </Filter>
    <Filter Include="Screens">
      <UniqueIdentifier>{e5785e97-fd5d-4b25-9de7-f55301621972}</UniqueIdentifier>
    </Filter>
    <Filter Include="Sprites">
      <UniqueIdentifier>{3aeb9eeb-4b0c-4052-9215-34d8e251153e}</UniqueIdentifier>
    </Filter>
    <Filter Include="Helpers">
      <UniqueIdentifier>{47fbe524-f6f5-4c1e-9508-24827e3da04b}</UniqueIdentifier>
    </Filter>
  </ItemGroup>
  <ItemGroup>
    <ClCompile Include="$(MSBuildThisFileDirectory)BlendStates.cpp">
      <Filter>Misc</Filter>
    </ClCompile>
    <ClCompile Include="$(MSBuildThisFileDirectory)Camera.cpp">
      <Filter>Cameras</Filter>
    </ClCompile>
    <ClCompile Include="$(MSBuildThisFileDirectory)DirectionalLight.cpp">
      <Filter>Lights</Filter>
    </ClCompile>
    <ClCompile Include="$(MSBuildThisFileDirectory)pch.cpp" />
    <ClCompile Include="$(MSBuildThisFileDirectory)DrawableGameComponent.cpp">
      <Filter>Misc</Filter>
    </ClCompile>
    <ClCompile Include="$(MSBuildThisFileDirectory)FirstPersonCamera.cpp">
      <Filter>Cameras</Filter>
    </ClCompile>
    <ClCompile Include="$(MSBuildThisFileDirectory)FpsComponent.cpp">
      <Filter>Misc</Filter>
    </ClCompile>
    <ClCompile Include="$(MSBuildThisFileDirectory)Game.cpp">
      <Filter>Misc</Filter>
    </ClCompile>
    <ClCompile Include="$(MSBuildThisFileDirectory)GameClock.cpp">
      <Filter>Misc</Filter>
    </ClCompile>
    <ClCompile Include="$(MSBuildThisFileDirectory)GameComponent.cpp">
      <Filter>Misc</Filter>
    </ClCompile>
    <ClCompile Include="$(MSBuildThisFileDirectory)GameException.cpp">
      <Filter>Misc</Filter>
    </ClCompile>
    <ClCompile Include="$(MSBuildThisFileDirectory)GamePadComponent.cpp">
      <Filter>Input</Filter>
    </ClCompile>
    <ClCompile Include="$(MSBuildThisFileDirectory)GameTime.cpp">
      <Filter>Misc</Filter>
    </ClCompile>
    <ClCompile Include="$(MSBuildThisFileDirectory)Grid.cpp">
      <Filter>Misc</Filter>
    </ClCompile>
    <ClCompile Include="$(MSBuildThisFileDirectory)Light.cpp">
      <Filter>Lights</Filter>
    </ClCompile>
    <ClCompile Include="$(MSBuildThisFileDirectory)Mesh.cpp">
      <Filter>Models</Filter>
    </ClCompile>
    <ClCompile Include="$(MSBuildThisFileDirectory)Model.cpp">
      <Filter>Models</Filter>
    </ClCompile>
    <ClCompile Include="$(MSBuildThisFileDirectory)ModelMaterial.cpp">
      <Filter>Models</Filter>
    </ClCompile>
    <ClCompile Include="$(MSBuildThisFileDirectory)MouseComponent.cpp">
      <Filter>Input</Filter>
    </ClCompile>
    <ClCompile Include="$(MSBuildThisFileDirectory)OrthographicCamera.cpp">
      <Filter>Cameras</Filter>
    </ClCompile>
    <ClCompile Include="$(MSBuildThisFileDirectory)PerspectiveCamera.cpp">
      <Filter>Cameras</Filter>
    </ClCompile>
    <ClCompile Include="$(MSBuildThisFileDirectory)PointLight.cpp">
      <Filter>Lights</Filter>
    </ClCompile>
    <ClCompile Include="$(MSBuildThisFileDirectory)SpotLight.cpp">
      <Filter>Lights</Filter>
    </ClCompile>
    <ClCompile Include="$(MSBuildThisFileDirectory)ProxyModel.cpp">
      <Filter>Misc</Filter>
    </ClCompile>
    <ClCompile Include="$(MSBuildThisFileDirectory)RasterizerStates.cpp">
      <Filter>Misc</Filter>
    </ClCompile>
    <ClCompile Include="$(MSBuildThisFileDirectory)RenderTarget.cpp">
      <Filter>Misc</Filter>
    </ClCompile>
    <ClCompile Include="$(MSBuildThisFileDirectory)SamplerStates.cpp">
      <Filter>Misc</Filter>
    </ClCompile>
    <ClCompile Include="$(MSBuildThisFileDirectory)ServiceContainer.cpp">
      <Filter>Misc</Filter>
    </ClCompile>
    <ClCompile Include="$(MSBuildThisFileDirectory)Skybox.cpp">
      <Filter>Misc</Filter>
    </ClCompile>
    <ClCompile Include="$(MSBuildThisFileDirectory)Utility.cpp">
      <Filter>Misc</Filter>
    </ClCompile>
    <ClCompile Include="$(MSBuildThisFileDirectory)KeyboardComponent.cpp">
      <Filter>Input</Filter>
    </ClCompile>
    <ClCompile Include="$(MSBuildThisFileDirectory)Rectangle.cpp">
      <Filter>Misc</Filter>
    </ClCompile>
    <ClCompile Include="$(MSBuildThisFileDirectory)Point.cpp">
      <Filter>Misc</Filter>
    </ClCompile>
    <ClCompile Include="$(MSBuildThisFileDirectory)AudioEngineComponent.cpp">
      <Filter>Audio</Filter>
    </ClCompile>
    <ClCompile Include="$(MSBuildThisFileDirectory)ScreenManager.cpp">
      <Filter>Screens</Filter>
    </ClCompile>
    <ClCompile Include="$(MSBuildThisFileDirectory)SpriteManager.cpp">
      <Filter>Sprites</Filter>
    </ClCompile>
    <ClCompile Include="$(MSBuildThisFileDirectory)GameScreen.cpp">
      <Filter>Screens</Filter>
    </ClCompile>
    <ClCompile Include="$(MSBuildThisFileDirectory)ContentManager.cpp">
      <Filter>Misc</Filter>
    </ClCompile>
    <ClCompile Include="$(MSBuildThisFileDirectory)ColorHelper.cpp">
      <Filter>Helpers</Filter>
    </ClCompile>
    <ClCompile Include="$(MSBuildThisFileDirectory)MatrixHelper.cpp">
      <Filter>Helpers</Filter>
    </ClCompile>
    <ClCompile Include="$(MSBuildThisFileDirectory)MathHelper.cpp">
      <Filter>Helpers</Filter>
    </ClCompile>
    <ClCompile Include="$(MSBuildThisFileDirectory)VectorHelper.cpp">
      <Filter>Helpers</Filter>
    </ClCompile>
    <ClCompile Include="$(MSBuildThisFileDirectory)StreamHelper.cpp">
      <Filter>Helpers</Filter>
    </ClCompile>
    <ClCompile Include="$(MSBuildThisFileDirectory)RenderStateHelper.cpp">
      <Filter>Helpers</Filter>
    </ClCompile>
    <ClCompile Include="$(MSBuildThisFileDirectory)TextureHelper.cpp">
      <Filter>Helpers</Filter>
    </ClCompile>
    <ClCompile Include="$(MSBuildThisFileDirectory)ScreenInputManager.cpp">
      <Filter>Screens</Filter>
    </ClCompile>
    <ClCompile Include="$(MSBuildThisFileDirectory)EventArgs.cpp">
      <Filter>Misc</Filter>
    </ClCompile>
  </ItemGroup>
  <ItemGroup>
    <ClInclude Include="$(MSBuildThisFileDirectory)BlendStates.h">
      <Filter>Misc</Filter>
    </ClInclude>
    <ClInclude Include="$(MSBuildThisFileDirectory)Camera.h">
      <Filter>Cameras</Filter>
    </ClInclude>
    <ClInclude Include="$(MSBuildThisFileDirectory)DirectionalLight.h">
      <Filter>Lights</Filter>
    </ClInclude>
    <ClInclude Include="$(MSBuildThisFileDirectory)pch.h" />
    <ClInclude Include="$(MSBuildThisFileDirectory)DrawableGameComponent.h">
      <Filter>Misc</Filter>
    </ClInclude>
    <ClInclude Include="$(MSBuildThisFileDirectory)FirstPersonCamera.h">
      <Filter>Cameras</Filter>
    </ClInclude>
    <ClInclude Include="$(MSBuildThisFileDirectory)FpsComponent.h">
      <Filter>Misc</Filter>
    </ClInclude>
    <ClInclude Include="$(MSBuildThisFileDirectory)Game.h">
      <Filter>Misc</Filter>
    </ClInclude>
    <ClInclude Include="$(MSBuildThisFileDirectory)GameClock.h">
      <Filter>Misc</Filter>
    </ClInclude>
    <ClInclude Include="$(MSBuildThisFileDirectory)GameComponent.h">
      <Filter>Misc</Filter>
    </ClInclude>
    <ClInclude Include="$(MSBuildThisFileDirectory)GameException.h">
      <Filter>Misc</Filter>
    </ClInclude>
    <ClInclude Include="$(MSBuildThisFileDirectory)GamePadComponent.h">
      <Filter>Input</Filter>
    </ClInclude>
    <ClInclude Include="$(MSBuildThisFileDirectory)GameTime.h">
      <Filter>Misc</Filter>
    </ClInclude>
    <ClInclude Include="$(MSBuildThisFileDirectory)Grid.h">
      <Filter>Misc</Filter>
    </ClInclude>
    <ClInclude Include="$(MSBuildThisFileDirectory)Light.h">
      <Filter>Lights</Filter>
    </ClInclude>
    <ClInclude Include="$(MSBuildThisFileDirectory)Mesh.h">
      <Filter>Models</Filter>
    </ClInclude>
    <ClInclude Include="$(MSBuildThisFileDirectory)Model.h">
      <Filter>Models</Filter>
    </ClInclude>
    <ClInclude Include="$(MSBuildThisFileDirectory)ModelMaterial.h">
      <Filter>Models</Filter>
    </ClInclude>
    <ClInclude Include="$(MSBuildThisFileDirectory)MouseComponent.h">
      <Filter>Input</Filter>
    </ClInclude>
    <ClInclude Include="$(MSBuildThisFileDirectory)OrthographicCamera.h">
      <Filter>Cameras</Filter>
    </ClInclude>
    <ClInclude Include="$(MSBuildThisFileDirectory)PerspectiveCamera.h">
      <Filter>Cameras</Filter>
    </ClInclude>
    <ClInclude Include="$(MSBuildThisFileDirectory)PointLight.h">
      <Filter>Lights</Filter>
    </ClInclude>
    <ClInclude Include="$(MSBuildThisFileDirectory)SpotLight.h">
      <Filter>Lights</Filter>
    </ClInclude>
    <ClInclude Include="$(MSBuildThisFileDirectory)VertexDeclarations.h">
      <Filter>Misc</Filter>
    </ClInclude>
    <ClInclude Include="$(MSBuildThisFileDirectory)ProxyModel.h">
      <Filter>Misc</Filter>
    </ClInclude>
    <ClInclude Include="$(MSBuildThisFileDirectory)RasterizerStates.h">
      <Filter>Misc</Filter>
    </ClInclude>
    <ClInclude Include="$(MSBuildThisFileDirectory)RenderTarget.h">
      <Filter>Misc</Filter>
    </ClInclude>
    <ClInclude Include="$(MSBuildThisFileDirectory)RTTI.h">
      <Filter>Misc</Filter>
    </ClInclude>
    <ClInclude Include="$(MSBuildThisFileDirectory)SamplerStates.h">
      <Filter>Misc</Filter>
    </ClInclude>
    <ClInclude Include="$(MSBuildThisFileDirectory)ServiceContainer.h">
      <Filter>Misc</Filter>
    </ClInclude>
    <ClInclude Include="$(MSBuildThisFileDirectory)Skybox.h">
      <Filter>Misc</Filter>
    </ClInclude>
    <ClInclude Include="$(MSBuildThisFileDirectory)Utility.h">
      <Filter>Misc</Filter>
    </ClInclude>
    <ClInclude Include="$(MSBuildThisFileDirectory)KeyboardComponent.h">
      <Filter>Input</Filter>
    </ClInclude>
    <ClInclude Include="$(MSBuildThisFileDirectory)Rectangle.h">
      <Filter>Misc</Filter>
    </ClInclude>
    <ClInclude Include="$(MSBuildThisFileDirectory)Point.h">
      <Filter>Misc</Filter>
    </ClInclude>
    <ClInclude Include="$(MSBuildThisFileDirectory)AudioEngineComponent.h">
      <Filter>Audio</Filter>
    </ClInclude>
    <ClInclude Include="$(MSBuildThisFileDirectory)ScreenManager.h">
      <Filter>Screens</Filter>
    </ClInclude>
    <ClInclude Include="$(MSBuildThisFileDirectory)SpriteManager.h">
      <Filter>Sprites</Filter>
    </ClInclude>
    <ClInclude Include="$(MSBuildThisFileDirectory)GameScreen.h">
      <Filter>Screens</Filter>
    </ClInclude>
    <ClInclude Include="$(MSBuildThisFileDirectory)ContentManager.h">
      <Filter>Misc</Filter>
    </ClInclude>
    <ClInclude Include="$(MSBuildThisFileDirectory)ColorHelper.h">
      <Filter>Helpers</Filter>
    </ClInclude>
    <ClInclude Include="$(MSBuildThisFileDirectory)DirectXHelper.h">
      <Filter>Helpers</Filter>
    </ClInclude>
    <ClInclude Include="$(MSBuildThisFileDirectory)MatrixHelper.h">
      <Filter>Helpers</Filter>
    </ClInclude>
    <ClInclude Include="$(MSBuildThisFileDirectory)MathHelper.h">
      <Filter>Helpers</Filter>
    </ClInclude>
    <ClInclude Include="$(MSBuildThisFileDirectory)VectorHelper.h">
      <Filter>Helpers</Filter>
    </ClInclude>
    <ClInclude Include="$(MSBuildThisFileDirectory)StreamHelper.h">
      <Filter>Helpers</Filter>
    </ClInclude>
    <ClInclude Include="$(MSBuildThisFileDirectory)RenderStateHelper.h">
      <Filter>Helpers</Filter>
    </ClInclude>
    <ClInclude Include="$(MSBuildThisFileDirectory)TextureHelper.h">
      <Filter>Helpers</Filter>
    </ClInclude>
    <ClInclude Include="$(MSBuildThisFileDirectory)ScreenInputManager.h">
      <Filter>Screens</Filter>
    </ClInclude>
    <ClInclude Include="$(MSBuildThisFileDirectory)IServiceProvider.h">
      <Filter>Misc</Filter>
    </ClInclude>
    <ClInclude Include="$(MSBuildThisFileDirectory)EventArgs.h">
      <Filter>Misc</Filter>
    </ClInclude>
  </ItemGroup>
  <ItemGroup>
    <None Include="$(MSBuildThisFileDirectory)packages.config" />
    <None Include="$(MSBuildThisFileDirectory)Rectangle.inl">
      <Filter>Misc</Filter>
    </None>
    <None Include="$(MSBuildThisFileDirectory)Point.inl">
      <Filter>Misc</Filter>
    </None>
  </ItemGroup>
</Project>