<?xml version="1.0" encoding="utf-8"?>
<Project ToolsVersion="4.0" xmlns="http://schemas.microsoft.com/developer/msbuild/2003">
  <ItemGroup>
    <ClInclude Include="pch.h" />
    <ClInclude Include="BouncingLogoGame.h" />
    <ClInclude Include="Ball.h">
      <Filter>Game Components</Filter>
    </ClInclude>
    <ClInclude Include="Paddle.h">
      <Filter>Game Components</Filter>
    </ClInclude>
    <ClInclude Include="PlayerPaddle.h">
      <Filter>Game Components</Filter>
    </ClInclude>
    <ClInclude Include="ComputerPaddle.h">
      <Filter>Game Components</Filter>
    </ClInclude>
    <ClInclude Include="ScoreBoard.h">
      <Filter>Game Components</Filter>
    </ClInclude>
  </ItemGroup>
  <ItemGroup>
    <ClCompile Include="Program.cpp" />
    <ClCompile Include="pch.cpp" />
    <ClCompile Include="BouncingLogoGame.cpp" />
    <ClCompile Include="Ball.cpp">
      <Filter>Game Components</Filter>
    </ClCompile>
    <ClCompile Include="Paddle.cpp">
      <Filter>Game Components</Filter>
    </ClCompile>
    <ClCompile Include="PlayerPaddle.cpp">
      <Filter>Game Components</Filter>
    </ClCompile>
    <ClCompile Include="ComputerPaddle.cpp">
      <Filter>Game Components</Filter>
    </ClCompile>
    <ClCompile Include="ScoreBoard.cpp">
      <Filter>Game Components</Filter>
    </ClCompile>
  </ItemGroup>
  <ItemGroup>
    <Filter Include="Game Components">
      <UniqueIdentifier>{11198751-1287-4b24-a87b-d8394becc159}</UniqueIdentifier>
    </Filter>
  </ItemGroup>
  <ItemGroup>
    <None Include="packages.config" />
  </ItemGroup>
</Project>